
Microsoft Visual Studio Solution File, Format Version 12.00
# Visual Studio Version 17
VisualStudioVersion = 17.5.002.0
MinimumVisualStudioVersion = 10.0.40219.1
Project("{2150E333-8FDC-42A3-9474-1A3956D46DE8}") = "csharp-prep", "csharp-prep", "{CC0B3CA4-243B-42DD-A01C-E3712F026895}"
EndProject
Project("{9A19103F-16F7-4668-BE54-9A1E7A4F7556}") = "Prep1", "csharp-prep\Prep1\Prep1.csproj", "{12F99912-F76A-4467-AEA9-93AF28F3ADFA}"
EndProject
Project("{9A19103F-16F7-4668-BE54-9A1E7A4F7556}") = "Prep2", "csharp-prep\Prep2\Prep2.csproj", "{F431FE85-677F-4B85-A91B-D8467547146E}"
EndProject
Project("{9A19103F-16F7-4668-BE54-9A1E7A4F7556}") = "Prep3", "csharp-prep\Prep3\Prep3.csproj", "{1B64BD41-5D4B-4811-854A-B0CF157A1AA1}"
EndProject
Project("{9A19103F-16F7-4668-BE54-9A1E7A4F7556}") = "Prep4", "csharp-prep\Prep4\Prep4.csproj", "{66888D07-ECD7-4143-B051-301F23524CD2}"
EndProject
Project("{9A19103F-16F7-4668-BE54-9A1E7A4F7556}") = "Prep5", "csharp-prep\Prep5\Prep5.csproj", "{9617F837-3BDE-4057-9A89-D221EABC0B9A}"
EndProject
Project("{2150E333-8FDC-42A3-9474-1A3956D46DE8}") = "final", "final", "{8C320DE6-09FC-41AE-A79D-600AACA231E9}"
EndProject
Project("{9A19103F-16F7-4668-BE54-9A1E7A4F7556}") = "FinalProject", "final\FinalProject\FinalProject.csproj", "{59B07F5F-8944-4B53-BC99-E74B56DDE1A8}"
EndProject
Project("{9A19103F-16F7-4668-BE54-9A1E7A4F7556}") = "Foundation1", "final\Foundation1\Foundation1.csproj", "{D6E5620A-5F18-45F6-BF4D-8380077A6E5B}"
EndProject
Project("{9A19103F-16F7-4668-BE54-9A1E7A4F7556}") = "Foundation2", "final\Foundation2\Foundation2.csproj", "{1928311A-FFFD-4088-BFDE-1CF2439BA701}"
EndProject
Project("{9A19103F-16F7-4668-BE54-9A1E7A4F7556}") = "Foundation3", "final\Foundation3\Foundation3.csproj", "{5F0165C4-24C8-4427-ACB6-9699CAD4C075}"
EndProject
Project("{9A19103F-16F7-4668-BE54-9A1E7A4F7556}") = "Foundation4", "final\Foundation4\Foundation4.csproj", "{33AD820F-FD52-49A1-8114-158A8341F7A2}"
EndProject
Project("{2150E333-8FDC-42A3-9474-1A3956D46DE8}") = "prepare", "prepare", "{AC8C6FC7-1474-4090-8D0B-8A43497FECE3}"
EndProject
Project("{9A19103F-16F7-4668-BE54-9A1E7A4F7556}") = "Learning02", "prepare\Learning02\Learning02.csproj", "{A93D69B9-A51D-45FC-B161-0AE457B53F20}"
EndProject
Project("{9A19103F-16F7-4668-BE54-9A1E7A4F7556}") = "Learning03", "prepare\Learning03\Learning03.csproj", "{64E4D0D4-2C4A-43F3-B946-0605E254EA48}"
EndProject
Project("{9A19103F-16F7-4668-BE54-9A1E7A4F7556}") = "Learning04", "prepare\Learning04\Learning04.csproj", "{15461DEF-82C9-41DA-AEE9-048E82D57F6F}"
EndProject
Project("{9A19103F-16F7-4668-BE54-9A1E7A4F7556}") = "Learning05", "prepare\Learning05\Learning05.csproj", "{E4F9EE61-507C-45F6-8A72-EE57276A47C4}"
EndProject
Project("{2150E333-8FDC-42A3-9474-1A3956D46DE8}") = "prove", "prove", "{94C0F651-E544-4956-BDCA-2DE042DD8CEE}"
EndProject
Project("{9A19103F-16F7-4668-BE54-9A1E7A4F7556}") = "Develop02", "prove\Develop02\Develop02.csproj", "{5B28AB80-1B98-4080-8F27-5172F9D5FF09}"
EndProject
Project("{9A19103F-16F7-4668-BE54-9A1E7A4F7556}") = "Develop03", "prove\Develop03\Develop03.csproj", "{4FC0C114-6A4E-4B68-B828-265E19E1EAEC}"
EndProject
Project("{9A19103F-16F7-4668-BE54-9A1E7A4F7556}") = "Develop04", "prove\Develop04\Develop04.csproj", "{7051C7A7-B64F-4C90-BA7E-F9B861E9D99E}"
EndProject
Project("{9A19103F-16F7-4668-BE54-9A1E7A4F7556}") = "Develop05", "prove\Develop05\Develop05.csproj", "{D24892CC-4CC5-49FF-B5BE-FDCB898EAA85}"
EndProject
Project("{2150E333-8FDC-42A3-9474-1A3956D46DE8}") = "sandbox", "sandbox", "{CB6037EE-CBD1-4DDB-B511-8C5DF3B72A15}"
EndProject
Project("{9A19103F-16F7-4668-BE54-9A1E7A4F7556}") = "Sandbox", "sandbox\Sandbox\Sandbox.csproj", "{EAB9F403-016E-410C-ABFB-114B90F254CE}"
EndProject
Global
	GlobalSection(SolutionConfigurationPlatforms) = preSolution
		Debug|Any CPU = Debug|Any CPU
		Release|Any CPU = Release|Any CPU
	EndGlobalSection
	GlobalSection(ProjectConfigurationPlatforms) = postSolution
		{12F99912-F76A-4467-AEA9-93AF28F3ADFA}.Debug|Any CPU.ActiveCfg = Debug|Any CPU
		{12F99912-F76A-4467-AEA9-93AF28F3ADFA}.Debug|Any CPU.Build.0 = Debug|Any CPU
		{12F99912-F76A-4467-AEA9-93AF28F3ADFA}.Release|Any CPU.ActiveCfg = Release|Any CPU
		{12F99912-F76A-4467-AEA9-93AF28F3ADFA}.Release|Any CPU.Build.0 = Release|Any CPU
		{F431FE85-677F-4B85-A91B-D8467547146E}.Debug|Any CPU.ActiveCfg = Debug|Any CPU
		{F431FE85-677F-4B85-A91B-D8467547146E}.Debug|Any CPU.Build.0 = Debug|Any CPU
		{F431FE85-677F-4B85-A91B-D8467547146E}.Release|Any CPU.ActiveCfg = Release|Any CPU
		{F431FE85-677F-4B85-A91B-D8467547146E}.Release|Any CPU.Build.0 = Release|Any CPU
		{1B64BD41-5D4B-4811-854A-B0CF157A1AA1}.Debug|Any CPU.ActiveCfg = Debug|Any CPU
		{1B64BD41-5D4B-4811-854A-B0CF157A1AA1}.Debug|Any CPU.Build.0 = Debug|Any CPU
		{1B64BD41-5D4B-4811-854A-B0CF157A1AA1}.Release|Any CPU.ActiveCfg = Release|Any CPU
		{1B64BD41-5D4B-4811-854A-B0CF157A1AA1}.Release|Any CPU.Build.0 = Release|Any CPU
		{66888D07-ECD7-4143-B051-301F23524CD2}.Debug|Any CPU.ActiveCfg = Debug|Any CPU
		{66888D07-ECD7-4143-B051-301F23524CD2}.Debug|Any CPU.Build.0 = Debug|Any CPU
		{66888D07-ECD7-4143-B051-301F23524CD2}.Release|Any CPU.ActiveCfg = Release|Any CPU
		{66888D07-ECD7-4143-B051-301F23524CD2}.Release|Any CPU.Build.0 = Release|Any CPU
		{9617F837-3BDE-4057-9A89-D221EABC0B9A}.Debug|Any CPU.ActiveCfg = Debug|Any CPU
		{9617F837-3BDE-4057-9A89-D221EABC0B9A}.Debug|Any CPU.Build.0 = Debug|Any CPU
		{9617F837-3BDE-4057-9A89-D221EABC0B9A}.Release|Any CPU.ActiveCfg = Release|Any CPU
		{9617F837-3BDE-4057-9A89-D221EABC0B9A}.Release|Any CPU.Build.0 = Release|Any CPU
		{59B07F5F-8944-4B53-BC99-E74B56DDE1A8}.Debug|Any CPU.ActiveCfg = Debug|Any CPU
		{59B07F5F-8944-4B53-BC99-E74B56DDE1A8}.Debug|Any CPU.Build.0 = Debug|Any CPU
		{59B07F5F-8944-4B53-BC99-E74B56DDE1A8}.Release|Any CPU.ActiveCfg = Release|Any CPU
		{59B07F5F-8944-4B53-BC99-E74B56DDE1A8}.Release|Any CPU.Build.0 = Release|Any CPU
		{D6E5620A-5F18-45F6-BF4D-8380077A6E5B}.Debug|Any CPU.ActiveCfg = Debug|Any CPU
		{D6E5620A-5F18-45F6-BF4D-8380077A6E5B}.Debug|Any CPU.Build.0 = Debug|Any CPU
		{D6E5620A-5F18-45F6-BF4D-8380077A6E5B}.Release|Any CPU.ActiveCfg = Release|Any CPU
		{D6E5620A-5F18-45F6-BF4D-8380077A6E5B}.Release|Any CPU.Build.0 = Release|Any CPU
		{1928311A-FFFD-4088-BFDE-1CF2439BA701}.Debug|Any CPU.ActiveCfg = Debug|Any CPU
		{1928311A-FFFD-4088-BFDE-1CF2439BA701}.Debug|Any CPU.Build.0 = Debug|Any CPU
		{1928311A-FFFD-4088-BFDE-1CF2439BA701}.Release|Any CPU.ActiveCfg = Release|Any CPU
		{1928311A-FFFD-4088-BFDE-1CF2439BA701}.Release|Any CPU.Build.0 = Release|Any CPU
		{5F0165C4-24C8-4427-ACB6-9699CAD4C075}.Debug|Any CPU.ActiveCfg = Debug|Any CPU
		{5F0165C4-24C8-4427-ACB6-9699CAD4C075}.Debug|Any CPU.Build.0 = Debug|Any CPU
		{5F0165C4-24C8-4427-ACB6-9699CAD4C075}.Release|Any CPU.ActiveCfg = Release|Any CPU
		{5F0165C4-24C8-4427-ACB6-9699CAD4C075}.Release|Any CPU.Build.0 = Release|Any CPU
		{33AD820F-FD52-49A1-8114-158A8341F7A2}.Debug|Any CPU.ActiveCfg = Debug|Any CPU
		{33AD820F-FD52-49A1-8114-158A8341F7A2}.Debug|Any CPU.Build.0 = Debug|Any CPU
		{33AD820F-FD52-49A1-8114-158A8341F7A2}.Release|Any CPU.ActiveCfg = Release|Any CPU
		{33AD820F-FD52-49A1-8114-158A8341F7A2}.Release|Any CPU.Build.0 = Release|Any CPU
		{A93D69B9-A51D-45FC-B161-0AE457B53F20}.Debug|Any CPU.ActiveCfg = Debug|Any CPU
		{A93D69B9-A51D-45FC-B161-0AE457B53F20}.Debug|Any CPU.Build.0 = Debug|Any CPU
		{A93D69B9-A51D-45FC-B161-0AE457B53F20}.Release|Any CPU.ActiveCfg = Release|Any CPU
		{A93D69B9-A51D-45FC-B161-0AE457B53F20}.Release|Any CPU.Build.0 = Release|Any CPU
		{64E4D0D4-2C4A-43F3-B946-0605E254EA48}.Debug|Any CPU.ActiveCfg = Debug|Any CPU
		{64E4D0D4-2C4A-43F3-B946-0605E254EA48}.Debug|Any CPU.Build.0 = Debug|Any CPU
		{64E4D0D4-2C4A-43F3-B946-0605E254EA48}.Release|Any CPU.ActiveCfg = Release|Any CPU
		{64E4D0D4-2C4A-43F3-B946-0605E254EA48}.Release|Any CPU.Build.0 = Release|Any CPU
		{15461DEF-82C9-41DA-AEE9-048E82D57F6F}.Debug|Any CPU.ActiveCfg = Debug|Any CPU
		{15461DEF-82C9-41DA-AEE9-048E82D57F6F}.Debug|Any CPU.Build.0 = Debug|Any CPU
		{15461DEF-82C9-41DA-AEE9-048E82D57F6F}.Release|Any CPU.ActiveCfg = Release|Any CPU
		{15461DEF-82C9-41DA-AEE9-048E82D57F6F}.Release|Any CPU.Build.0 = Release|Any CPU
		{E4F9EE61-507C-45F6-8A72-EE57276A47C4}.Debug|Any CPU.ActiveCfg = Debug|Any CPU
		{E4F9EE61-507C-45F6-8A72-EE57276A47C4}.Debug|Any CPU.Build.0 = Debug|Any CPU
		{E4F9EE61-507C-45F6-8A72-EE57276A47C4}.Release|Any CPU.ActiveCfg = Release|Any CPU
		{E4F9EE61-507C-45F6-8A72-EE57276A47C4}.Release|Any CPU.Build.0 = Release|Any CPU
		{5B28AB80-1B98-4080-8F27-5172F9D5FF09}.Debug|Any CPU.ActiveCfg = Debug|Any CPU
		{5B28AB80-1B98-4080-8F27-5172F9D5FF09}.Debug|Any CPU.Build.0 = Debug|Any CPU
		{5B28AB80-1B98-4080-8F27-5172F9D5FF09}.Release|Any CPU.ActiveCfg = Release|Any CPU
		{5B28AB80-1B98-4080-8F27-5172F9D5FF09}.Release|Any CPU.Build.0 = Release|Any CPU
		{4FC0C114-6A4E-4B68-B828-265E19E1EAEC}.Debug|Any CPU.ActiveCfg = Debug|Any CPU
		{4FC0C114-6A4E-4B68-B828-265E19E1EAEC}.Debug|Any CPU.Build.0 = Debug|Any CPU
		{4FC0C114-6A4E-4B68-B828-265E19E1EAEC}.Release|Any CPU.ActiveCfg = Release|Any CPU
		{4FC0C114-6A4E-4B68-B828-265E19E1EAEC}.Release|Any CPU.Build.0 = Release|Any CPU
		{7051C7A7-B64F-4C90-BA7E-F9B861E9D99E}.Debug|Any CPU.ActiveCfg = Debug|Any CPU
		{7051C7A7-B64F-4C90-BA7E-F9B861E9D99E}.Debug|Any CPU.Build.0 = Debug|Any CPU
		{7051C7A7-B64F-4C90-BA7E-F9B861E9D99E}.Release|Any CPU.ActiveCfg = Release|Any CPU
		{7051C7A7-B64F-4C90-BA7E-F9B861E9D99E}.Release|Any CPU.Build.0 = Release|Any CPU
		{D24892CC-4CC5-49FF-B5BE-FDCB898EAA85}.Debug|Any CPU.ActiveCfg = Debug|Any CPU
		{D24892CC-4CC5-49FF-B5BE-FDCB898EAA85}.Debug|Any CPU.Build.0 = Debug|Any CPU
		{D24892CC-4CC5-49FF-B5BE-FDCB898EAA85}.Release|Any CPU.ActiveCfg = Release|Any CPU
		{D24892CC-4CC5-49FF-B5BE-FDCB898EAA85}.Release|Any CPU.Build.0 = Release|Any CPU
		{EAB9F403-016E-410C-ABFB-114B90F254CE}.Debug|Any CPU.ActiveCfg = Debug|Any CPU
		{EAB9F403-016E-410C-ABFB-114B90F254CE}.Debug|Any CPU.Build.0 = Debug|Any CPU
		{EAB9F403-016E-410C-ABFB-114B90F254CE}.Release|Any CPU.ActiveCfg = Release|Any CPU
		{EAB9F403-016E-410C-ABFB-114B90F254CE}.Release|Any CPU.Build.0 = Release|Any CPU
	EndGlobalSection
	GlobalSection(SolutionProperties) = preSolution
		HideSolutionNode = FALSE
	EndGlobalSection
	GlobalSection(NestedProjects) = preSolution
		{12F99912-F76A-4467-AEA9-93AF28F3ADFA} = {CC0B3CA4-243B-42DD-A01C-E3712F026895}
		{F431FE85-677F-4B85-A91B-D8467547146E} = {CC0B3CA4-243B-42DD-A01C-E3712F026895}
		{1B64BD41-5D4B-4811-854A-B0CF157A1AA1} = {CC0B3CA4-243B-42DD-A01C-E3712F026895}
		{66888D07-ECD7-4143-B051-301F23524CD2} = {CC0B3CA4-243B-42DD-A01C-E3712F026895}
		{9617F837-3BDE-4057-9A89-D221EABC0B9A} = {CC0B3CA4-243B-42DD-A01C-E3712F026895}
		{59B07F5F-8944-4B53-BC99-E74B56DDE1A8} = {8C320DE6-09FC-41AE-A79D-600AACA231E9}
		{D6E5620A-5F18-45F6-BF4D-8380077A6E5B} = {8C320DE6-09FC-41AE-A79D-600AACA231E9}
		{1928311A-FFFD-4088-BFDE-1CF2439BA701} = {8C320DE6-09FC-41AE-A79D-600AACA231E9}
		{5F0165C4-24C8-4427-ACB6-9699CAD4C075} = {8C320DE6-09FC-41AE-A79D-600AACA231E9}
		{33AD820F-FD52-49A1-8114-158A8341F7A2} = {8C320DE6-09FC-41AE-A79D-600AACA231E9}
		{A93D69B9-A51D-45FC-B161-0AE457B53F20} = {AC8C6FC7-1474-4090-8D0B-8A43497FECE3}
		{64E4D0D4-2C4A-43F3-B946-0605E254EA48} = {AC8C6FC7-1474-4090-8D0B-8A43497FECE3}
		{15461DEF-82C9-41DA-AEE9-048E82D57F6F} = {AC8C6FC7-1474-4090-8D0B-8A43497FECE3}
		{E4F9EE61-507C-45F6-8A72-EE57276A47C4} = {AC8C6FC7-1474-4090-8D0B-8A43497FECE3}
		{5B28AB80-1B98-4080-8F27-5172F9D5FF09} = {94C0F651-E544-4956-BDCA-2DE042DD8CEE}
		{4FC0C114-6A4E-4B68-B828-265E19E1EAEC} = {94C0F651-E544-4956-BDCA-2DE042DD8CEE}
		{7051C7A7-B64F-4C90-BA7E-F9B861E9D99E} = {94C0F651-E544-4956-BDCA-2DE042DD8CEE}
		{D24892CC-4CC5-49FF-B5BE-FDCB898EAA85} = {94C0F651-E544-4956-BDCA-2DE042DD8CEE}
		{EAB9F403-016E-410C-ABFB-114B90F254CE} = {CB6037EE-CBD1-4DDB-B511-8C5DF3B72A15}
	EndGlobalSection
	GlobalSection(ExtensibilityGlobals) = postSolution
		SolutionGuid = {DAB863D8-C3B5-47FE-9EC7-F3803593DF7F}
	EndGlobalSection
EndGlobal
